// !$*UTF8*$!
{
	archiveVersion = 1;
	classes = {
	};
	objectVersion = 46;
	objects = {

/* Begin PBXAggregateTarget section */
		38690F3F1434CCEE00EAC3F7 /* afExtensions-Universal */ = {
			isa = PBXAggregateTarget;
			buildConfigurationList = 38690F401434CCEE00EAC3F7 /* Build configuration list for PBXAggregateTarget "afExtensions-Universal" */;
			buildPhases = (
				38690F431434CD1200EAC3F7 /* ShellScript */,
			);
			dependencies = (
			);
			name = "afExtensions-Universal";
			productName = "afExtensions-Universal";
		};
/* End PBXAggregateTarget section */

/* Begin PBXBuildFile section */
		38212ED01434B58E00369357 /* CoreFoundation.framework in Frameworks */ = {isa = PBXBuildFile; fileRef = 38212ECF1434B58E00369357 /* CoreFoundation.framework */; };
		38212ED61434B58E00369357 /* InfoPlist.strings in Resources */ = {isa = PBXBuildFile; fileRef = 38212ED41434B58E00369357 /* InfoPlist.strings */; };
		38212EE41434B66000369357 /* afDateExtensions.m in Sources */ = {isa = PBXBuildFile; fileRef = 38212EDD1434B66000369357 /* afDateExtensions.m */; };
		38212EE51434B66000369357 /* afStringExtensions.m in Sources */ = {isa = PBXBuildFile; fileRef = 38212EDF1434B66000369357 /* afStringExtensions.m */; };
		38212EE61434B66000369357 /* afFileManagerExtensions.m in Sources */ = {isa = PBXBuildFile; fileRef = 38212EE11434B66000369357 /* afFileManagerExtensions.m */; };
		38212EE71434B66000369357 /* afViewExtensions.m in Sources */ = {isa = PBXBuildFile; fileRef = 38212EE31434B66000369357 /* afViewExtensions.m */; };
		38212EEC1434B69F00369357 /* QuartzCore.framework in Frameworks */ = {isa = PBXBuildFile; fileRef = 38212EEA1434B69500369357 /* QuartzCore.framework */; };
		38212EED1434B69F00369357 /* UIKit.framework in Frameworks */ = {isa = PBXBuildFile; fileRef = 38212EE81434B69000369357 /* UIKit.framework */; };
		38212EEF1434B6F700369357 /* afDateExtensions.h in Headers */ = {isa = PBXBuildFile; fileRef = 38212EDC1434B66000369357 /* afDateExtensions.h */; settings = {ATTRIBUTES = (Public, ); }; };
		38212EF01434B6F700369357 /* afStringExtensions.h in Headers */ = {isa = PBXBuildFile; fileRef = 38212EDE1434B66000369357 /* afStringExtensions.h */; settings = {ATTRIBUTES = (Public, ); }; };
		38212EF11434B6F700369357 /* afFileManagerExtensions.h in Headers */ = {isa = PBXBuildFile; fileRef = 38212EE01434B66000369357 /* afFileManagerExtensions.h */; settings = {ATTRIBUTES = (Public, ); }; };
		38212EF21434B6F700369357 /* afViewExtensions.h in Headers */ = {isa = PBXBuildFile; fileRef = 38212EE21434B66000369357 /* afViewExtensions.h */; settings = {ATTRIBUTES = (Public, ); }; };
		38690F3C1434CB2000EAC3F7 /* afExtensions.h in Headers */ = {isa = PBXBuildFile; fileRef = 38690F3A1434CB2000EAC3F7 /* afExtensions.h */; settings = {ATTRIBUTES = (Public, ); }; };
/* End PBXBuildFile section */

/* Begin PBXFileReference section */
		38212EBD1434B53A00369357 /* Foundation.framework */ = {isa = PBXFileReference; lastKnownFileType = wrapper.framework; name = Foundation.framework; path = System/Library/Frameworks/Foundation.framework; sourceTree = SDKROOT; };
		38212EC11434B53A00369357 /* afExtensions-Prefix.pch */ = {isa = PBXFileReference; lastKnownFileType = sourcecode.c.h; path = "afExtensions-Prefix.pch"; sourceTree = "<group>"; };
		38212ECE1434B58E00369357 /* afExtensions.framework */ = {isa = PBXFileReference; explicitFileType = wrapper.cfbundle; includeInIndex = 0; path = afExtensions.framework; sourceTree = BUILT_PRODUCTS_DIR; };
		38212ECF1434B58E00369357 /* CoreFoundation.framework */ = {isa = PBXFileReference; lastKnownFileType = wrapper.framework; name = CoreFoundation.framework; path = System/Library/Frameworks/CoreFoundation.framework; sourceTree = SDKROOT; };
		38212ED31434B58E00369357 /* afExtensions-Info.plist */ = {isa = PBXFileReference; lastKnownFileType = text.plist.xml; path = "afExtensions-Info.plist"; sourceTree = "<group>"; };
		38212ED51434B58E00369357 /* en */ = {isa = PBXFileReference; lastKnownFileType = text.plist.strings; name = en; path = en.lproj/InfoPlist.strings; sourceTree = "<group>"; };
		38212ED71434B58E00369357 /* afExtensions-Prefix.pch */ = {isa = PBXFileReference; lastKnownFileType = sourcecode.c.h; path = "afExtensions-Prefix.pch"; sourceTree = "<group>"; };
		38212EDC1434B66000369357 /* afDateExtensions.h */ = {isa = PBXFileReference; fileEncoding = 4; lastKnownFileType = sourcecode.c.h; path = afDateExtensions.h; sourceTree = "<group>"; };
		38212EDD1434B66000369357 /* afDateExtensions.m */ = {isa = PBXFileReference; fileEncoding = 4; lastKnownFileType = sourcecode.c.objc; path = afDateExtensions.m; sourceTree = "<group>"; };
		38212EDE1434B66000369357 /* afStringExtensions.h */ = {isa = PBXFileReference; fileEncoding = 4; lastKnownFileType = sourcecode.c.h; path = afStringExtensions.h; sourceTree = "<group>"; };
		38212EDF1434B66000369357 /* afStringExtensions.m */ = {isa = PBXFileReference; fileEncoding = 4; lastKnownFileType = sourcecode.c.objc; path = afStringExtensions.m; sourceTree = "<group>"; };
		38212EE01434B66000369357 /* afFileManagerExtensions.h */ = {isa = PBXFileReference; fileEncoding = 4; lastKnownFileType = sourcecode.c.h; path = afFileManagerExtensions.h; sourceTree = "<group>"; };
		38212EE11434B66000369357 /* afFileManagerExtensions.m */ = {isa = PBXFileReference; fileEncoding = 4; lastKnownFileType = sourcecode.c.objc; path = afFileManagerExtensions.m; sourceTree = "<group>"; };
		38212EE21434B66000369357 /* afViewExtensions.h */ = {isa = PBXFileReference; fileEncoding = 4; lastKnownFileType = sourcecode.c.h; path = afViewExtensions.h; sourceTree = "<group>"; };
		38212EE31434B66000369357 /* afViewExtensions.m */ = {isa = PBXFileReference; fileEncoding = 4; lastKnownFileType = sourcecode.c.objc; path = afViewExtensions.m; sourceTree = "<group>"; };
		38212EE81434B69000369357 /* UIKit.framework */ = {isa = PBXFileReference; lastKnownFileType = wrapper.framework; name = UIKit.framework; path = System/Library/Frameworks/UIKit.framework; sourceTree = SDKROOT; };
		38212EEA1434B69500369357 /* QuartzCore.framework */ = {isa = PBXFileReference; lastKnownFileType = wrapper.framework; name = QuartzCore.framework; path = System/Library/Frameworks/QuartzCore.framework; sourceTree = SDKROOT; };
		38690F3A1434CB2000EAC3F7 /* afExtensions.h */ = {isa = PBXFileReference; fileEncoding = 4; lastKnownFileType = sourcecode.c.h; path = afExtensions.h; sourceTree = "<group>"; };
/* End PBXFileReference section */

/* Begin PBXFrameworksBuildPhase section */
		38212ECB1434B58E00369357 /* Frameworks */ = {
			isa = PBXFrameworksBuildPhase;
			buildActionMask = 2147483647;
			files = (
				38212ED01434B58E00369357 /* CoreFoundation.framework in Frameworks */,
				38212EEC1434B69F00369357 /* QuartzCore.framework in Frameworks */,
				38212EED1434B69F00369357 /* UIKit.framework in Frameworks */,
			);
			runOnlyForDeploymentPostprocessing = 0;
		};
/* End PBXFrameworksBuildPhase section */

/* Begin PBXGroup section */
		38212EAF1434B53A00369357 = {
			isa = PBXGroup;
			children = (
				38212EBF1434B53A00369357 /* afExtensions */,
				38212ED11434B58E00369357 /* afExtensions */,
				38212EBC1434B53A00369357 /* Frameworks */,
				38212EBB1434B53A00369357 /* Products */,
			);
			sourceTree = "<group>";
		};
		38212EBB1434B53A00369357 /* Products */ = {
			isa = PBXGroup;
			children = (
				38212ECE1434B58E00369357 /* afExtensions.framework */,
			);
			name = Products;
			sourceTree = "<group>";
		};
		38212EBC1434B53A00369357 /* Frameworks */ = {
			isa = PBXGroup;
			children = (
				38212EEA1434B69500369357 /* QuartzCore.framework */,
				38212EE81434B69000369357 /* UIKit.framework */,
				38212EBD1434B53A00369357 /* Foundation.framework */,
				38212ECF1434B58E00369357 /* CoreFoundation.framework */,
			);
			name = Frameworks;
			sourceTree = "<group>";
		};
		38212EBF1434B53A00369357 /* afExtensions */ = {
			isa = PBXGroup;
			children = (
				38212EDB1434B66000369357 /* Extensions */,
				38212EC01434B53A00369357 /* Supporting Files */,
			);
			path = afExtensions;
			sourceTree = "<group>";
		};
		38212EC01434B53A00369357 /* Supporting Files */ = {
			isa = PBXGroup;
			children = (
				38212EC11434B53A00369357 /* afExtensions-Prefix.pch */,
			);
			name = "Supporting Files";
			sourceTree = "<group>";
		};
		38212ED11434B58E00369357 /* afExtensions */ = {
			isa = PBXGroup;
			children = (
				38212ED21434B58E00369357 /* Supporting Files */,
			);
			path = afExtensions;
			sourceTree = "<group>";
		};
		38212ED21434B58E00369357 /* Supporting Files */ = {
			isa = PBXGroup;
			children = (
				38212ED31434B58E00369357 /* afExtensions-Info.plist */,
				38212ED41434B58E00369357 /* InfoPlist.strings */,
				38212ED71434B58E00369357 /* afExtensions-Prefix.pch */,
			);
			name = "Supporting Files";
			sourceTree = "<group>";
		};
		38212EDB1434B66000369357 /* Extensions */ = {
			isa = PBXGroup;
			children = (
				38212EDC1434B66000369357 /* afDateExtensions.h */,
				38690F3A1434CB2000EAC3F7 /* afExtensions.h */,
				38212EDD1434B66000369357 /* afDateExtensions.m */,
				38212EDE1434B66000369357 /* afStringExtensions.h */,
				38212EDF1434B66000369357 /* afStringExtensions.m */,
				38212EE01434B66000369357 /* afFileManagerExtensions.h */,
				38212EE11434B66000369357 /* afFileManagerExtensions.m */,
				38212EE21434B66000369357 /* afViewExtensions.h */,
				38212EE31434B66000369357 /* afViewExtensions.m */,
			);
			path = Extensions;
			sourceTree = "<group>";
		};
/* End PBXGroup section */

/* Begin PBXHeadersBuildPhase section */
		38212EEE1434B6D600369357 /* Headers */ = {
			isa = PBXHeadersBuildPhase;
			buildActionMask = 2147483647;
			files = (
				38212EEF1434B6F700369357 /* afDateExtensions.h in Headers */,
				38212EF01434B6F700369357 /* afStringExtensions.h in Headers */,
				38212EF11434B6F700369357 /* afFileManagerExtensions.h in Headers */,
				38690F3C1434CB2000EAC3F7 /* afExtensions.h in Headers */,
				38212EF21434B6F700369357 /* afViewExtensions.h in Headers */,
			);
			runOnlyForDeploymentPostprocessing = 0;
		};
/* End PBXHeadersBuildPhase section */

/* Begin PBXNativeTarget section */
		38212ECD1434B58E00369357 /* afExtensions */ = {
			isa = PBXNativeTarget;
			buildConfigurationList = 38212ED81434B58E00369357 /* Build configuration list for PBXNativeTarget "afExtensions" */;
			buildPhases = (
				38212ECA1434B58E00369357 /* Sources */,
				38212ECB1434B58E00369357 /* Frameworks */,
				38212ECC1434B58E00369357 /* Resources */,
				38212EEE1434B6D600369357 /* Headers */,
			);
			buildRules = (
			);
			dependencies = (
			);
			name = afExtensions;
			productName = afExtensions;
			productReference = 38212ECE1434B58E00369357 /* afExtensions.framework */;
			productType = "com.apple.product-type.bundle";
		};
/* End PBXNativeTarget section */

/* Begin PBXProject section */
		38212EB11434B53A00369357 /* Project object */ = {
			isa = PBXProject;
			attributes = {
				ORGANIZATIONNAME = "Ferré";
			};
			buildConfigurationList = 38212EB41434B53A00369357 /* Build configuration list for PBXProject "afExtensions" */;
			compatibilityVersion = "Xcode 3.2";
			developmentRegion = English;
			hasScannedForEncodings = 0;
			knownRegions = (
				en,
			);
			mainGroup = 38212EAF1434B53A00369357;
			productRefGroup = 38212EBB1434B53A00369357 /* Products */;
			projectDirPath = "";
			projectRoot = "";
			targets = (
				38212ECD1434B58E00369357 /* afExtensions */,
				38690F3F1434CCEE00EAC3F7 /* afExtensions-Universal */,
			);
		};
/* End PBXProject section */

/* Begin PBXResourcesBuildPhase section */
		38212ECC1434B58E00369357 /* Resources */ = {
			isa = PBXResourcesBuildPhase;
			buildActionMask = 2147483647;
			files = (
				38212ED61434B58E00369357 /* InfoPlist.strings in Resources */,
			);
			runOnlyForDeploymentPostprocessing = 0;
		};
/* End PBXResourcesBuildPhase section */

/* Begin PBXShellScriptBuildPhase section */
		38690F431434CD1200EAC3F7 /* ShellScript */ = {
			isa = PBXShellScriptBuildPhase;
			buildActionMask = 2147483647;
			files = (
			);
			inputPaths = (
			);
			outputPaths = (
			);
			runOnlyForDeploymentPostprocessing = 0;
			shellPath = /bin/sh;
			shellScript = "# Sets the target folders and the final framework product.\nFMK_NAME=afExtensions\nFMK_VERSION=A\n\n# Install dir will be the final output to the framework.\n# The following line create it in the root folder of the current project.\nINSTALL_DIR=${SRCROOT}/Products/${FMK_NAME}.framework\n\n# Working dir will be deleted after the framework creation.\nWRK_DIR=build\nDEVICE_DIR=${WRK_DIR}/Release-iphoneos/${FMK_NAME}.framework\nSIMULATOR_DIR=${WRK_DIR}/Release-iphonesimulator/${FMK_NAME}.framework\n\n# Building both architectures.\nxcodebuild -configuration \"Release\" -target \"${FMK_NAME}\" -sdk iphoneos\nxcodebuild -configuration \"Release\" -target \"${FMK_NAME}\" -sdk iphonesimulator\n\n# Cleaning the oldest.\nif [ -d \"${INSTALL_DIR}\" ]\nthen\nrm -rf \"${INSTALL_DIR}\"\nfi\n\n# Creates and renews the final product folder.\nmkdir -p \"${INSTALL_DIR}\"\nmkdir -p \"${INSTALL_DIR}/Versions\"\nmkdir -p \"${INSTALL_DIR}/Versions/${FMK_VERSION}\"\nmkdir -p \"${INSTALL_DIR}/Versions/${FMK_VERSION}/Resources\"\nmkdir -p \"${INSTALL_DIR}/Versions/${FMK_VERSION}/Headers\"\n\n# Creates the internal links.\n# It MUST uses relative path, otherwise will not work when the folder is copied/moved.\nln -s \"${FMK_VERSION}\" \"${INSTALL_DIR}/Versions/Current\"\nln -s \"Versions/Current/Headers\" \"${INSTALL_DIR}/Headers\"\nln -s \"Versions/Current/Resources\" \"${INSTALL_DIR}/Resources\"\nln -s \"Versions/Current/${FMK_NAME}\" \"${INSTALL_DIR}/${FMK_NAME}\"\n\n# Copies the headers and resources files to the final product folder.\ncp -R \"${DEVICE_DIR}/Headers/\" \"${INSTALL_DIR}/Versions/${FMK_VERSION}/Headers/\"\ncp -R \"${DEVICE_DIR}/\" \"${INSTALL_DIR}/Versions/${FMK_VERSION}/Resources/\"\n\n# Removes the binary and header from the resources folder.\nrm -r \"${INSTALL_DIR}/Versions/${FMK_VERSION}/Resources/Headers\" \"${INSTALL_DIR}/Versions/${FMK_VERSION}/Resources/${FMK_NAME}\"\n\n# Uses the Lipo Tool to merge both binary files (i386 + armv6/armv7) into one Universal final product.\nlipo -create \"${DEVICE_DIR}/${FMK_NAME}\" \"${SIMULATOR_DIR}/${FMK_NAME}\" -output \"${INSTALL_DIR}/Versions/${FMK_VERSION}/${FMK_NAME}\"\n\nrm -r \"${WRK_DIR}\"";
		};
/* End PBXShellScriptBuildPhase section */

/* Begin PBXSourcesBuildPhase section */
		38212ECA1434B58E00369357 /* Sources */ = {
			isa = PBXSourcesBuildPhase;
			buildActionMask = 2147483647;
			files = (
				38212EE41434B66000369357 /* afDateExtensions.m in Sources */,
				38212EE51434B66000369357 /* afStringExtensions.m in Sources */,
				38212EE61434B66000369357 /* afFileManagerExtensions.m in Sources */,
				38212EE71434B66000369357 /* afViewExtensions.m in Sources */,
			);
			runOnlyForDeploymentPostprocessing = 0;
		};
/* End PBXSourcesBuildPhase section */

/* Begin PBXVariantGroup section */
		38212ED41434B58E00369357 /* InfoPlist.strings */ = {
			isa = PBXVariantGroup;
			children = (
				38212ED51434B58E00369357 /* en */,
			);
			name = InfoPlist.strings;
			sourceTree = "<group>";
		};
/* End PBXVariantGroup section */

/* Begin XCBuildConfiguration section */
		38212EC51434B53A00369357 /* Debug */ = {
			isa = XCBuildConfiguration;
			buildSettings = {
				ALWAYS_SEARCH_USER_PATHS = NO;
				ARCHS = "$(ARCHS_STANDARD_32_BIT)";
				COPY_PHASE_STRIP = NO;
				GCC_C_LANGUAGE_STANDARD = gnu99;
				GCC_DYNAMIC_NO_PIC = NO;
				GCC_OPTIMIZATION_LEVEL = 0;
				GCC_PREPROCESSOR_DEFINITIONS = (
					"DEBUG=1",
					"$(inherited)",
				);
				GCC_SYMBOLS_PRIVATE_EXTERN = NO;
				GCC_VERSION = com.apple.compilers.llvmgcc42;
				GCC_WARN_ABOUT_MISSING_PROTOTYPES = YES;
				GCC_WARN_ABOUT_RETURN_TYPE = YES;
				GCC_WARN_UNUSED_VARIABLE = YES;
				IPHONEOS_DEPLOYMENT_TARGET = 4.3;
				SDKROOT = iphoneos;
				TARGETED_DEVICE_FAMILY = "1,2";
			};
			name = Debug;
		};
		38212EC61434B53A00369357 /* Release */ = {
			isa = XCBuildConfiguration;
			buildSettings = {
				ALWAYS_SEARCH_USER_PATHS = NO;
				ARCHS = "$(ARCHS_STANDARD_32_BIT)";
				COPY_PHASE_STRIP = YES;
				GCC_C_LANGUAGE_STANDARD = gnu99;
				GCC_VERSION = com.apple.compilers.llvmgcc42;
				GCC_WARN_ABOUT_MISSING_PROTOTYPES = YES;
				GCC_WARN_ABOUT_RETURN_TYPE = YES;
				GCC_WARN_UNUSED_VARIABLE = YES;
				IPHONEOS_DEPLOYMENT_TARGET = 4.3;
				SDKROOT = iphoneos;
				TARGETED_DEVICE_FAMILY = "1,2";
				VALIDATE_PRODUCT = YES;
			};
			name = Release;
		};
		38212ED91434B58E00369357 /* Debug */ = {
			isa = XCBuildConfiguration;
			buildSettings = {
				ARCHS = "$(ARCHS_STANDARD_32_BIT)";
				DEAD_CODE_STRIPPING = NO;
				FRAMEWORK_SEARCH_PATHS = (
					"$(inherited)",
					"\"$(SRCROOT)/afExtensions/Extensions\"",
				);
				GCC_ENABLE_OBJC_EXCEPTIONS = YES;
				GCC_GENERATE_DEBUGGING_SYMBOLS = NO;
				GCC_PRECOMPILE_PREFIX_HEADER = YES;
				GCC_PREFIX_HEADER = "";
				GCC_VERSION = com.apple.compilers.llvm.clang.1_0;
				GCC_WARN_64_TO_32_BIT_CONVERSION = YES;
				INFOPLIST_FILE = "";
				INSTALL_PATH = "$(LOCAL_LIBRARY_DIR)/Bundles";
				LINK_WITH_STANDARD_LIBRARIES = NO;
				MACH_O_TYPE = mh_object;
				MACOSX_DEPLOYMENT_TARGET = "";
				ONLY_ACTIVE_ARCH = NO;
				OTHER_LDFLAGS = "-ObjC";
				PRODUCT_NAME = "$(TARGET_NAME)";
				SDKROOT = iphoneos;
				TARGETED_DEVICE_FAMILY = "1,2";
				WRAPPER_EXTENSION = framework;
			};
			name = Debug;
		};
		38212EDA1434B58E00369357 /* Release */ = {
			isa = XCBuildConfiguration;
			buildSettings = {
				ARCHS = "$(ARCHS_STANDARD_32_BIT)";
				DEAD_CODE_STRIPPING = NO;
				DEBUG_INFORMATION_FORMAT = "dwarf-with-dsym";
				FRAMEWORK_SEARCH_PATHS = (
					"$(inherited)",
					"\"$(SRCROOT)/afExtensions/Extensions\"",
				);
				GCC_ENABLE_OBJC_EXCEPTIONS = YES;
				GCC_GENERATE_DEBUGGING_SYMBOLS = NO;
				GCC_PRECOMPILE_PREFIX_HEADER = YES;
				GCC_PREFIX_HEADER = "";
				GCC_VERSION = com.apple.compilers.llvm.clang.1_0;
				GCC_WARN_64_TO_32_BIT_CONVERSION = YES;
				INFOPLIST_FILE = "";
				INSTALL_PATH = "$(LOCAL_LIBRARY_DIR)/Bundles";
				LINK_WITH_STANDARD_LIBRARIES = NO;
				MACH_O_TYPE = mh_object;
				MACOSX_DEPLOYMENT_TARGET = "";
				ONLY_ACTIVE_ARCH = NO;
				OTHER_LDFLAGS = "-ObjC";
				PRODUCT_NAME = "$(TARGET_NAME)";
				SDKROOT = iphoneos;
				TARGETED_DEVICE_FAMILY = "1,2";
				WRAPPER_EXTENSION = framework;
			};
			name = Release;
		};
		38690F411434CCEE00EAC3F7 /* Debug */ = {
			isa = XCBuildConfiguration;
			buildSettings = {
				PRODUCT_NAME = "$(TARGET_NAME)";
			};
			name = Debug;
		};
		38690F421434CCEE00EAC3F7 /* Release */ = {
			isa = XCBuildConfiguration;
			buildSettings = {
				PRODUCT_NAME = "$(TARGET_NAME)";
			};
			name = Release;
		};
/* End XCBuildConfiguration section */

/* Begin XCConfigurationList section */
		38212EB41434B53A00369357 /* Build configuration list for PBXProject "afExtensions" */ = {
			isa = XCConfigurationList;
			buildConfigurations = (
				38212EC51434B53A00369357 /* Debug */,
				38212EC61434B53A00369357 /* Release */,
			);
			defaultConfigurationIsVisible = 0;
			defaultConfigurationName = Release;
		};
		38212ED81434B58E00369357 /* Build configuration list for PBXNativeTarget "afExtensions" */ = {
			isa = XCConfigurationList;
			buildConfigurations = (
				38212ED91434B58E00369357 /* Debug */,
				38212EDA1434B58E00369357 /* Release */,
			);
			defaultConfigurationIsVisible = 0;
			defaultConfigurationName = Release;
		};
		38690F401434CCEE00EAC3F7 /* Build configuration list for PBXAggregateTarget "afExtensions-Universal" */ = {
			isa = XCConfigurationList;
			buildConfigurations = (
				38690F411434CCEE00EAC3F7 /* Debug */,
				38690F421434CCEE00EAC3F7 /* Release */,
			);
			defaultConfigurationIsVisible = 0;
		};
/* End XCConfigurationList section */
	};
	rootObject = 38212EB11434B53A00369357 /* Project object */;
}
